Microsoft Visual Studio Solution File, Format Version 12.00
# Visual Studio Version 17
VisualStudioVersion = 17.5.2.0
MinimumVisualStudioVersion = 10.0.40219.1
Project("{FAE04EC0-301F-11D3-BF4B-00C04F79EFBC}") = "ListPatternArray", "ListPatternArray.csproj", "{AFE7A4E9-A304-2072-F43B-5BF3AC604064}"
EndProject
Global
	GlobalSection(SolutionConfigurationPlatforms) = preSolution
		Debug|Any CPU = Debug|Any CPU
		Release|Any CPU = Release|Any CPU
	EndGlobalSection
	GlobalSection(ProjectConfigurationPlatforms) = postSolution
		{AFE7A4E9-A304-2072-F43B-5BF3AC604064}.Debug|Any CPU.ActiveCfg = Debug|Any CPU
		{AFE7A4E9-A304-2072-F43B-5BF3AC604064}.Debug|Any CPU.Build.0 = Debug|Any CPU
		{AFE7A4E9-A304-2072-F43B-5BF3AC604064}.Release|Any CPU.ActiveCfg = Release|Any CPU
		{AFE7A4E9-A304-2072-F43B-5BF3AC604064}.Release|Any CPU.Build.0 = Release|Any CPU
	EndGlobalSection
	GlobalSection(SolutionProperties) = preSolution
		HideSolutionNode = FALSE
	EndGlobalSection
	GlobalSection(ExtensibilityGlobals) = postSolution
		SolutionGuid = {BFD49D4E-AC7A-4C2A-AB81-A501A351810E}
	EndGlobalSection
EndGlobal
