Microsoft Visual Studio Solution File, Format Version 12.00
# Visual Studio Version 17
VisualStudioVersion = 17.5.2.0
MinimumVisualStudioVersion = 10.0.40219.1
Project("{FAE04EC0-301F-11D3-BF4B-00C04F79EFBC}") = "SimpleBlog", "SimpleBlog.csproj", "{AD8B8545-AA29-62F4-5DB2-F3770DB58672}"
EndProject
Global
	GlobalSection(SolutionConfigurationPlatforms) = preSolution
		Debug|Any CPU = Debug|Any CPU
		Release|Any CPU = Release|Any CPU
	EndGlobalSection
	GlobalSection(ProjectConfigurationPlatforms) = postSolution
		{AD8B8545-AA29-62F4-5DB2-F3770DB58672}.Debug|Any CPU.ActiveCfg = Debug|Any CPU
		{AD8B8545-AA29-62F4-5DB2-F3770DB58672}.Debug|Any CPU.Build.0 = Debug|Any CPU
		{AD8B8545-AA29-62F4-5DB2-F3770DB58672}.Release|Any CPU.ActiveCfg = Release|Any CPU
		{AD8B8545-AA29-62F4-5DB2-F3770DB58672}.Release|Any CPU.Build.0 = Release|Any CPU
	EndGlobalSection
	GlobalSection(SolutionProperties) = preSolution
		HideSolutionNode = FALSE
	EndGlobalSection
	GlobalSection(ExtensibilityGlobals) = postSolution
		SolutionGuid = {EBC7F65E-1E11-429F-BCE3-D0CA028A7045}
	EndGlobalSection
EndGlobal
