Microsoft Visual Studio Solution File, Format Version 12.00
# Visual Studio Version 17
VisualStudioVersion = 17.5.2.0
MinimumVisualStudioVersion = 10.0.40219.1
Project("{FAE04EC0-301F-11D3-BF4B-00C04F79EFBC}") = "SwitchExample", "SwitchExample.csproj", "{CDD5BD55-125C-A0E5-1271-89A434AFD5C0}"
EndProject
Global
	GlobalSection(SolutionConfigurationPlatforms) = preSolution
		Debug|Any CPU = Debug|Any CPU
		Release|Any CPU = Release|Any CPU
	EndGlobalSection
	GlobalSection(ProjectConfigurationPlatforms) = postSolution
		{CDD5BD55-125C-A0E5-1271-89A434AFD5C0}.Debug|Any CPU.ActiveCfg = Debug|Any CPU
		{CDD5BD55-125C-A0E5-1271-89A434AFD5C0}.Debug|Any CPU.Build.0 = Debug|Any CPU
		{CDD5BD55-125C-A0E5-1271-89A434AFD5C0}.Release|Any CPU.ActiveCfg = Release|Any CPU
		{CDD5BD55-125C-A0E5-1271-89A434AFD5C0}.Release|Any CPU.Build.0 = Release|Any CPU
	EndGlobalSection
	GlobalSection(SolutionProperties) = preSolution
		HideSolutionNode = FALSE
	EndGlobalSection
	GlobalSection(ExtensibilityGlobals) = postSolution
		SolutionGuid = {89A7CFC7-8041-41C4-BC92-323411CEC561}
	EndGlobalSection
EndGlobal
