Microsoft Visual Studio Solution File, Format Version 12.00
# Visual Studio Version 17
VisualStudioVersion = 17.5.2.0
MinimumVisualStudioVersion = 10.0.40219.1
Project("{FAE04EC0-301F-11D3-BF4B-00C04F79EFBC}") = "EnumeratorExample", "EnumeratorExample.csproj", "{726A0E55-95EC-EBE0-8E70-F2E5C32157F1}"
EndProject
Global
	GlobalSection(SolutionConfigurationPlatforms) = preSolution
		Debug|Any CPU = Debug|Any CPU
		Release|Any CPU = Release|Any CPU
	EndGlobalSection
	GlobalSection(ProjectConfigurationPlatforms) = postSolution
		{726A0E55-95EC-EBE0-8E70-F2E5C32157F1}.Debug|Any CPU.ActiveCfg = Debug|Any CPU
		{726A0E55-95EC-EBE0-8E70-F2E5C32157F1}.Debug|Any CPU.Build.0 = Debug|Any CPU
		{726A0E55-95EC-EBE0-8E70-F2E5C32157F1}.Release|Any CPU.ActiveCfg = Release|Any CPU
		{726A0E55-95EC-EBE0-8E70-F2E5C32157F1}.Release|Any CPU.Build.0 = Release|Any CPU
	EndGlobalSection
	GlobalSection(SolutionProperties) = preSolution
		HideSolutionNode = FALSE
	EndGlobalSection
	GlobalSection(ExtensibilityGlobals) = postSolution
		SolutionGuid = {2FB076DA-31B2-4DCF-9DBE-C6CFC52B202D}
	EndGlobalSection
EndGlobal
